
Microsoft Visual Studio Solution File, Format Version 12.00
# Visual Studio 15
VisualStudioVersion = 15.0.27130.2036
MinimumVisualStudioVersion = 10.0.40219.1
Project("{FAE04EC0-301F-11D3-BF4B-00C04F79EFBC}") = "OpenDiablo2", "OpenDiablo2\OpenDiablo2.csproj", "{2B0CF1AC-06DD-4322-AE8B-FF8A8C70A3CD}"
EndProject
Project("{FAE04EC0-301F-11D3-BF4B-00C04F79EFBC}") = "OpenDiablo2.Common", "OpenDiablo2.Common\OpenDiablo2.Common.csproj", "{B743160E-A0BB-45DC-9998-967A85E50562}"
EndProject
Project("{FAE04EC0-301F-11D3-BF4B-00C04F79EFBC}") = "OpenDiablo2.Core", "OpenDiablo2.Core\OpenDiablo2.Core.csproj", "{8FC6BF7D-835A-47C1-A6B2-125495FA0900}"
EndProject
Project("{FAE04EC0-301F-11D3-BF4B-00C04F79EFBC}") = "OpenDiablo2.SDL2", "OpenDiablo2.SDL2\OpenDiablo2.SDL2.csproj", "{1F8731D5-393B-4561-9CEA-887A2F466576}"
EndProject
Project("{FAE04EC0-301F-11D3-BF4B-00C04F79EFBC}") = "OpenDiablo2.Scenes", "OpenDiablo2.Scenes\OpenDiablo2.Scenes.csproj", "{05224FE7-293F-4184-B1D6-89F5171B60E0}"
EndProject
Project("{FAE04EC0-301F-11D3-BF4B-00C04F79EFBC}") = "OpenDiablo2.Core.UT", "OpenDiablo2.Core.UT\OpenDiablo2.Core.UT.csproj", "{F187FACE-CBA2-4012-8308-06CCDC9D6AB1}"
EndProject
Global
	GlobalSection(SolutionConfigurationPlatforms) = preSolution
		Debug|Any CPU = Debug|Any CPU
		Debug|x64 = Debug|x64
		Release|Any CPU = Release|Any CPU
		Release|x64 = Release|x64
	EndGlobalSection
	GlobalSection(ProjectConfigurationPlatforms) = postSolution
		{2B0CF1AC-06DD-4322-AE8B-FF8A8C70A3CD}.Debug|Any CPU.ActiveCfg = Debug|Any CPU
		{2B0CF1AC-06DD-4322-AE8B-FF8A8C70A3CD}.Debug|Any CPU.Build.0 = Debug|Any CPU
		{2B0CF1AC-06DD-4322-AE8B-FF8A8C70A3CD}.Debug|x64.ActiveCfg = Debug|x64
		{2B0CF1AC-06DD-4322-AE8B-FF8A8C70A3CD}.Debug|x64.Build.0 = Debug|x64
		{2B0CF1AC-06DD-4322-AE8B-FF8A8C70A3CD}.Release|Any CPU.ActiveCfg = Release|Any CPU
		{2B0CF1AC-06DD-4322-AE8B-FF8A8C70A3CD}.Release|Any CPU.Build.0 = Release|Any CPU
		{2B0CF1AC-06DD-4322-AE8B-FF8A8C70A3CD}.Release|x64.ActiveCfg = Release|x64
		{2B0CF1AC-06DD-4322-AE8B-FF8A8C70A3CD}.Release|x64.Build.0 = Release|x64
		{B743160E-A0BB-45DC-9998-967A85E50562}.Debug|Any CPU.ActiveCfg = Debug|Any CPU
		{B743160E-A0BB-45DC-9998-967A85E50562}.Debug|Any CPU.Build.0 = Debug|Any CPU
		{B743160E-A0BB-45DC-9998-967A85E50562}.Debug|x64.ActiveCfg = Debug|x64
		{B743160E-A0BB-45DC-9998-967A85E50562}.Debug|x64.Build.0 = Debug|x64
		{B743160E-A0BB-45DC-9998-967A85E50562}.Release|Any CPU.ActiveCfg = Release|Any CPU
		{B743160E-A0BB-45DC-9998-967A85E50562}.Release|Any CPU.Build.0 = Release|Any CPU
		{B743160E-A0BB-45DC-9998-967A85E50562}.Release|x64.ActiveCfg = Release|x64
		{B743160E-A0BB-45DC-9998-967A85E50562}.Release|x64.Build.0 = Release|x64
		{8FC6BF7D-835A-47C1-A6B2-125495FA0900}.Debug|Any CPU.ActiveCfg = Debug|Any CPU
		{8FC6BF7D-835A-47C1-A6B2-125495FA0900}.Debug|Any CPU.Build.0 = Debug|Any CPU
		{8FC6BF7D-835A-47C1-A6B2-125495FA0900}.Debug|x64.ActiveCfg = Debug|x64
		{8FC6BF7D-835A-47C1-A6B2-125495FA0900}.Debug|x64.Build.0 = Debug|x64
		{8FC6BF7D-835A-47C1-A6B2-125495FA0900}.Release|Any CPU.ActiveCfg = Release|Any CPU
		{8FC6BF7D-835A-47C1-A6B2-125495FA0900}.Release|Any CPU.Build.0 = Release|Any CPU
		{8FC6BF7D-835A-47C1-A6B2-125495FA0900}.Release|x64.ActiveCfg = Release|x64
		{8FC6BF7D-835A-47C1-A6B2-125495FA0900}.Release|x64.Build.0 = Release|x64
		{1F8731D5-393B-4561-9CEA-887A2F466576}.Debug|Any CPU.ActiveCfg = Debug|Any CPU
		{1F8731D5-393B-4561-9CEA-887A2F466576}.Debug|Any CPU.Build.0 = Debug|Any CPU
		{1F8731D5-393B-4561-9CEA-887A2F466576}.Debug|x64.ActiveCfg = Debug|x64
		{1F8731D5-393B-4561-9CEA-887A2F466576}.Debug|x64.Build.0 = Debug|x64
		{1F8731D5-393B-4561-9CEA-887A2F466576}.Release|Any CPU.ActiveCfg = Release|Any CPU
		{1F8731D5-393B-4561-9CEA-887A2F466576}.Release|Any CPU.Build.0 = Release|Any CPU
		{1F8731D5-393B-4561-9CEA-887A2F466576}.Release|x64.ActiveCfg = Release|x64
		{1F8731D5-393B-4561-9CEA-887A2F466576}.Release|x64.Build.0 = Release|x64
		{05224FE7-293F-4184-B1D6-89F5171B60E0}.Debug|Any CPU.ActiveCfg = Debug|x64
		{05224FE7-293F-4184-B1D6-89F5171B60E0}.Debug|x64.ActiveCfg = Debug|x64
		{05224FE7-293F-4184-B1D6-89F5171B60E0}.Debug|x64.Build.0 = Debug|x64
		{05224FE7-293F-4184-B1D6-89F5171B60E0}.Release|Any CPU.ActiveCfg = Release|x64
		{05224FE7-293F-4184-B1D6-89F5171B60E0}.Release|x64.ActiveCfg = Release|x64
		{05224FE7-293F-4184-B1D6-89F5171B60E0}.Release|x64.Build.0 = Release|x64
		{F187FACE-CBA2-4012-8308-06CCDC9D6AB1}.Debug|Any CPU.ActiveCfg = Debug|Any CPU
		{F187FACE-CBA2-4012-8308-06CCDC9D6AB1}.Debug|Any CPU.Build.0 = Debug|Any CPU
		{F187FACE-CBA2-4012-8308-06CCDC9D6AB1}.Debug|x64.ActiveCfg = Debug|Any CPU
		{F187FACE-CBA2-4012-8308-06CCDC9D6AB1}.Debug|x64.Build.0 = Debug|Any CPU
		{F187FACE-CBA2-4012-8308-06CCDC9D6AB1}.Release|Any CPU.ActiveCfg = Release|Any CPU
		{F187FACE-CBA2-4012-8308-06CCDC9D6AB1}.Release|Any CPU.Build.0 = Release|Any CPU
		{F187FACE-CBA2-4012-8308-06CCDC9D6AB1}.Release|x64.ActiveCfg = Release|Any CPU
		{F187FACE-CBA2-4012-8308-06CCDC9D6AB1}.Release|x64.Build.0 = Release|Any CPU
	EndGlobalSection
	GlobalSection(SolutionProperties) = preSolution
		HideSolutionNode = FALSE
	EndGlobalSection
	GlobalSection(ExtensibilityGlobals) = postSolution
		SolutionGuid = {782826E1-7E8E-4878-88FB-1B564D82C621}
	EndGlobalSection
	GlobalSection(Performance) = preSolution
		HasPerformanceSessions = true
	EndGlobalSection
	GlobalSection(Performance) = preSolution
		HasPerformanceSessions = true
	EndGlobalSection
EndGlobal
